
Microsoft Visual Studio Solution File, Format Version 12.00
# Visual Studio Version 16
VisualStudioVersion = 16.0.31005.135
MinimumVisualStudioVersion = 10.0.40219.1
Project("{9A19103F-16F7-4668-BE54-9A1E7A4F7556}") = "KamppIntro", "KamppIntro\KamppIntro.csproj", "{B43CDE0B-D6FC-4C58-8E85-5A12BE9EB17C}"
EndProject
Project("{9A19103F-16F7-4668-BE54-9A1E7A4F7556}") = "Donguler", "Donguler\Donguler.csproj", "{328E0C38-5DA7-4D22-81E5-DABD97CFC72E}"
EndProject
Project("{9A19103F-16F7-4668-BE54-9A1E7A4F7556}") = "ClassIntro", "ClassIntro\ClassIntro.csproj", "{234D7C06-D502-442D-A6D8-84C69229C1D6}"
EndProject
Project("{9A19103F-16F7-4668-BE54-9A1E7A4F7556}") = "Metotlar", "Metotlar\Metotlar.csproj", "{EBA25463-2A61-4740-B72E-F22B394D312B}"
EndProject
Project("{9A19103F-16F7-4668-BE54-9A1E7A4F7556}") = "Matematik", "Matematik\Matematik.csproj", "{9F84EC8F-67A9-4C35-B43B-F10C1B472E6A}"
EndProject
Project("{9A19103F-16F7-4668-BE54-9A1E7A4F7556}") = "DegerVeReferansTipleri", "DegerVeReferansTipleri\DegerVeReferansTipleri.csproj", "{3AC1E0D1-B11F-4F27-9199-CB3FAF242088}"
EndProject
Global
	GlobalSection(SolutionConfigurationPlatforms) = preSolution
		Debug|Any CPU = Debug|Any CPU
		Release|Any CPU = Release|Any CPU
	EndGlobalSection
	GlobalSection(ProjectConfigurationPlatforms) = postSolution
		{B43CDE0B-D6FC-4C58-8E85-5A12BE9EB17C}.Debug|Any CPU.ActiveCfg = Debug|Any CPU
		{B43CDE0B-D6FC-4C58-8E85-5A12BE9EB17C}.Debug|Any CPU.Build.0 = Debug|Any CPU
		{B43CDE0B-D6FC-4C58-8E85-5A12BE9EB17C}.Release|Any CPU.ActiveCfg = Release|Any CPU
		{B43CDE0B-D6FC-4C58-8E85-5A12BE9EB17C}.Release|Any CPU.Build.0 = Release|Any CPU
		{328E0C38-5DA7-4D22-81E5-DABD97CFC72E}.Debug|Any CPU.ActiveCfg = Debug|Any CPU
		{328E0C38-5DA7-4D22-81E5-DABD97CFC72E}.Debug|Any CPU.Build.0 = Debug|Any CPU
		{328E0C38-5DA7-4D22-81E5-DABD97CFC72E}.Release|Any CPU.ActiveCfg = Release|Any CPU
		{328E0C38-5DA7-4D22-81E5-DABD97CFC72E}.Release|Any CPU.Build.0 = Release|Any CPU
		{234D7C06-D502-442D-A6D8-84C69229C1D6}.Debug|Any CPU.ActiveCfg = Debug|Any CPU
		{234D7C06-D502-442D-A6D8-84C69229C1D6}.Debug|Any CPU.Build.0 = Debug|Any CPU
		{234D7C06-D502-442D-A6D8-84C69229C1D6}.Release|Any CPU.ActiveCfg = Release|Any CPU
		{234D7C06-D502-442D-A6D8-84C69229C1D6}.Release|Any CPU.Build.0 = Release|Any CPU
		{EBA25463-2A61-4740-B72E-F22B394D312B}.Debug|Any CPU.ActiveCfg = Debug|Any CPU
		{EBA25463-2A61-4740-B72E-F22B394D312B}.Debug|Any CPU.Build.0 = Debug|Any CPU
		{EBA25463-2A61-4740-B72E-F22B394D312B}.Release|Any CPU.ActiveCfg = Release|Any CPU
		{EBA25463-2A61-4740-B72E-F22B394D312B}.Release|Any CPU.Build.0 = Release|Any CPU
		{9F84EC8F-67A9-4C35-B43B-F10C1B472E6A}.Debug|Any CPU.ActiveCfg = Debug|Any CPU
		{9F84EC8F-67A9-4C35-B43B-F10C1B472E6A}.Debug|Any CPU.Build.0 = Debug|Any CPU
		{9F84EC8F-67A9-4C35-B43B-F10C1B472E6A}.Release|Any CPU.ActiveCfg = Release|Any CPU
		{9F84EC8F-67A9-4C35-B43B-F10C1B472E6A}.Release|Any CPU.Build.0 = Release|Any CPU
		{3AC1E0D1-B11F-4F27-9199-CB3FAF242088}.Debug|Any CPU.ActiveCfg = Debug|Any CPU
		{3AC1E0D1-B11F-4F27-9199-CB3FAF242088}.Debug|Any CPU.Build.0 = Debug|Any CPU
		{3AC1E0D1-B11F-4F27-9199-CB3FAF242088}.Release|Any CPU.ActiveCfg = Release|Any CPU
		{3AC1E0D1-B11F-4F27-9199-CB3FAF242088}.Release|Any CPU.Build.0 = Release|Any CPU
	EndGlobalSection
	GlobalSection(SolutionProperties) = preSolution
		HideSolutionNode = FALSE
	EndGlobalSection
	GlobalSection(ExtensibilityGlobals) = postSolution
		SolutionGuid = {418D1964-C347-44E9-ACC3-13701F6DD7D2}
	EndGlobalSection
EndGlobal
